
Microsoft Visual Studio Solution File, Format Version 12.00
# Visual Studio Version 17
VisualStudioVersion = 17.3.32929.385
MinimumVisualStudioVersion = 10.0.40219.1
Project("{9A19103F-16F7-4668-BE54-9A1E7A4F7556}") = "FileWorkerEXE", "Task_2\FileWorkerEXE.csproj", "{E81DD72E-6240-441D-8B36-0D8BFB66AD7E}"
EndProject
Project("{FAE04EC0-301F-11D3-BF4B-00C04F79EFBC}") = "TextParserLib", "TextPapserLib\TextParserLib.csproj", "{016769CE-B4D8-47A1-B0C9-8684B3A8A55F}"
EndProject
Project("{FAE04EC0-301F-11D3-BF4B-00C04F79EFBC}") = "AbstractClassInstance", "AbstractClassInstance\AbstractClassInstance.csproj", "{307E4BED-DD7F-4A22-8757-9B5EAA3DDB18}"
EndProject
Global
	GlobalSection(SolutionConfigurationPlatforms) = preSolution
		Debug|Any CPU = Debug|Any CPU
		Release|Any CPU = Release|Any CPU
	EndGlobalSection
	GlobalSection(ProjectConfigurationPlatforms) = postSolution
		{E81DD72E-6240-441D-8B36-0D8BFB66AD7E}.Debug|Any CPU.ActiveCfg = Debug|Any CPU
		{E81DD72E-6240-441D-8B36-0D8BFB66AD7E}.Debug|Any CPU.Build.0 = Debug|Any CPU
		{E81DD72E-6240-441D-8B36-0D8BFB66AD7E}.Release|Any CPU.ActiveCfg = Release|Any CPU
		{E81DD72E-6240-441D-8B36-0D8BFB66AD7E}.Release|Any CPU.Build.0 = Release|Any CPU
		{016769CE-B4D8-47A1-B0C9-8684B3A8A55F}.Debug|Any CPU.ActiveCfg = Debug|Any CPU
		{016769CE-B4D8-47A1-B0C9-8684B3A8A55F}.Debug|Any CPU.Build.0 = Debug|Any CPU
		{016769CE-B4D8-47A1-B0C9-8684B3A8A55F}.Release|Any CPU.ActiveCfg = Release|Any CPU
		{016769CE-B4D8-47A1-B0C9-8684B3A8A55F}.Release|Any CPU.Build.0 = Release|Any CPU
		{307E4BED-DD7F-4A22-8757-9B5EAA3DDB18}.Debug|Any CPU.ActiveCfg = Debug|Any CPU
		{307E4BED-DD7F-4A22-8757-9B5EAA3DDB18}.Debug|Any CPU.Build.0 = Debug|Any CPU
		{307E4BED-DD7F-4A22-8757-9B5EAA3DDB18}.Release|Any CPU.ActiveCfg = Release|Any CPU
		{307E4BED-DD7F-4A22-8757-9B5EAA3DDB18}.Release|Any CPU.Build.0 = Release|Any CPU
	EndGlobalSection
	GlobalSection(SolutionProperties) = preSolution
		HideSolutionNode = FALSE
	EndGlobalSection
	GlobalSection(ExtensibilityGlobals) = postSolution
		SolutionGuid = {107D19A8-B5FA-43A8-BC8E-8F3D3B567E49}
	EndGlobalSection
EndGlobal
